
Microsoft Visual Studio Solution File, Format Version 12.00
# Visual Studio Version 16
VisualStudioVersion = 16.0.31205.134
MinimumVisualStudioVersion = 10.0.40219.1
Project("{FAE04EC0-301F-11D3-BF4B-00C04F79EFBC}") = "SpyderWeb", "SpyderWeb.csproj", "{55A24B6B-53C1-4795-B3D3-AA880B6DC1BD}"
EndProject
Global
	GlobalSection(SolutionConfigurationPlatforms) = preSolution
		Debug|Any CPU = Debug|Any CPU
		Release|Any CPU = Release|Any CPU
	EndGlobalSection
	GlobalSection(ProjectConfigurationPlatforms) = postSolution
		{55A24B6B-53C1-4795-B3D3-AA880B6DC1BD}.Debug|Any CPU.ActiveCfg = Debug|Any CPU
		{55A24B6B-53C1-4795-B3D3-AA880B6DC1BD}.Debug|Any CPU.Build.0 = Debug|Any CPU
		{55A24B6B-53C1-4795-B3D3-AA880B6DC1BD}.Release|Any CPU.ActiveCfg = Release|Any CPU
		{55A24B6B-53C1-4795-B3D3-AA880B6DC1BD}.Release|Any CPU.Build.0 = Release|Any CPU
	EndGlobalSection
	GlobalSection(SolutionProperties) = preSolution
		HideSolutionNode = FALSE
	EndGlobalSection
	GlobalSection(ExtensibilityGlobals) = postSolution
		SolutionGuid = {39497A89-A217-47EF-82B1-5A87B1F28999}
	EndGlobalSection
EndGlobal
